// !$*UTF8*$!
{
	archiveVersion = 1;
	classes = {
	};
	objectVersion = 51;
	objects = {

/* Begin PBXBuildFile section */
		9C7BBA7F26F8515C005FC1BA /* CalendarDiary.swift in Sources */ = {isa = PBXBuildFile; fileRef = 9C7BBA7E26F8515C005FC1BA /* CalendarDiary.swift */; };
		9C7CD3C82701503D00D355BE /* EmotionImage.swift in Sources */ = {isa = PBXBuildFile; fileRef = 9C7CD3C72701503D00D355BE /* EmotionImage.swift */; };
		9C7CD3CA2701B36700D355BE /* APIResponse.swift in Sources */ = {isa = PBXBuildFile; fileRef = 9C7CD3C92701B36700D355BE /* APIResponse.swift */; };
		9C9987A426EB6959008C16D7 /* AppDelegate.swift in Sources */ = {isa = PBXBuildFile; fileRef = 9C9987A326EB6959008C16D7 /* AppDelegate.swift */; };
		9C9987A626EB6959008C16D7 /* SceneDelegate.swift in Sources */ = {isa = PBXBuildFile; fileRef = 9C9987A526EB6959008C16D7 /* SceneDelegate.swift */; };
		9C9987A826EB6959008C16D7 /* ViewController.swift in Sources */ = {isa = PBXBuildFile; fileRef = 9C9987A726EB6959008C16D7 /* ViewController.swift */; };
		9C9987AB26EB695A008C16D7 /* Main.storyboard in Resources */ = {isa = PBXBuildFile; fileRef = 9C9987A926EB6959008C16D7 /* Main.storyboard */; };
		9C9987AD26EB695B008C16D7 /* Assets.xcassets in Resources */ = {isa = PBXBuildFile; fileRef = 9C9987AC26EB695B008C16D7 /* Assets.xcassets */; };
		9C9987B026EB695B008C16D7 /* LaunchScreen.storyboard in Resources */ = {isa = PBXBuildFile; fileRef = 9C9987AE26EB695B008C16D7 /* LaunchScreen.storyboard */; };
		9C9987B826EB6B46008C16D7 /* Login.swift in Sources */ = {isa = PBXBuildFile; fileRef = 9C9987B726EB6B46008C16D7 /* Login.swift */; };
		9CAC46B026EE23BA0074F3B2 /* GoogleService-Info.plist in Resources */ = {isa = PBXBuildFile; fileRef = 9CAC46AF26EE23BA0074F3B2 /* GoogleService-Info.plist */; };
		9CCC794A26EF3E0B006D0169 /* Register.swift in Sources */ = {isa = PBXBuildFile; fileRef = 9CCC794926EF3E0B006D0169 /* Register.swift */; };
		9CCC794C26EF435F006D0169 /* MyPage.swift in Sources */ = {isa = PBXBuildFile; fileRef = 9CCC794B26EF435E006D0169 /* MyPage.swift */; };
		9CCC794E26EF4367006D0169 /* Calendar.swift in Sources */ = {isa = PBXBuildFile; fileRef = 9CCC794D26EF4367006D0169 /* Calendar.swift */; };
		9CCC795226EF43CB006D0169 /* Plus.swift in Sources */ = {isa = PBXBuildFile; fileRef = 9CCC795126EF43CB006D0169 /* Plus.swift */; };
		DBA319E0A7BFBB6E2BC688C0 /* Pods_treena.framework in Frameworks */ = {isa = PBXBuildFile; fileRef = 3DCF93807984079DF8F1CFC8 /* Pods_treena.framework */; };
/* End PBXBuildFile section */

/* Begin PBXFileReference section */
		3DCF93807984079DF8F1CFC8 /* Pods_treena.framework */ = {isa = PBXFileReference; explicitFileType = wrapper.framework; includeInIndex = 0; path = Pods_treena.framework; sourceTree = BUILT_PRODUCTS_DIR; };
		91A3392BC68C64637EBDA78F /* Pods-treena.release.xcconfig */ = {isa = PBXFileReference; includeInIndex = 1; lastKnownFileType = text.xcconfig; name = "Pods-treena.release.xcconfig"; path = "Target Support Files/Pods-treena/Pods-treena.release.xcconfig"; sourceTree = "<group>"; };
		9C7BBA7E26F8515C005FC1BA /* CalendarDiary.swift */ = {isa = PBXFileReference; lastKnownFileType = sourcecode.swift; path = CalendarDiary.swift; sourceTree = "<group>"; };
		9C7CD3C72701503D00D355BE /* EmotionImage.swift */ = {isa = PBXFileReference; lastKnownFileType = sourcecode.swift; path = EmotionImage.swift; sourceTree = "<group>"; };
		9C7CD3C92701B36700D355BE /* APIResponse.swift */ = {isa = PBXFileReference; lastKnownFileType = sourcecode.swift; path = APIResponse.swift; sourceTree = "<group>"; };
		9C9987A026EB6959008C16D7 /* treena.app */ = {isa = PBXFileReference; explicitFileType = wrapper.application; includeInIndex = 0; path = treena.app; sourceTree = BUILT_PRODUCTS_DIR; };
		9C9987A326EB6959008C16D7 /* AppDelegate.swift */ = {isa = PBXFileReference; lastKnownFileType = sourcecode.swift; path = AppDelegate.swift; sourceTree = "<group>"; };
		9C9987A526EB6959008C16D7 /* SceneDelegate.swift */ = {isa = PBXFileReference; lastKnownFileType = sourcecode.swift; path = SceneDelegate.swift; sourceTree = "<group>"; };
		9C9987A726EB6959008C16D7 /* ViewController.swift */ = {isa = PBXFileReference; lastKnownFileType = sourcecode.swift; path = ViewController.swift; sourceTree = "<group>"; };
		9C9987AA26EB6959008C16D7 /* Base */ = {isa = PBXFileReference; lastKnownFileType = file.storyboard; name = Base; path = Base.lproj/Main.storyboard; sourceTree = "<group>"; };
		9C9987AC26EB695B008C16D7 /* Assets.xcassets */ = {isa = PBXFileReference; lastKnownFileType = folder.assetcatalog; path = Assets.xcassets; sourceTree = "<group>"; };
		9C9987AF26EB695B008C16D7 /* Base */ = {isa = PBXFileReference; lastKnownFileType = file.storyboard; name = Base; path = Base.lproj/LaunchScreen.storyboard; sourceTree = "<group>"; };
		9C9987B126EB695B008C16D7 /* Info.plist */ = {isa = PBXFileReference; lastKnownFileType = text.plist.xml; path = Info.plist; sourceTree = "<group>"; };
		9C9987B726EB6B46008C16D7 /* Login.swift */ = {isa = PBXFileReference; lastKnownFileType = sourcecode.swift; path = Login.swift; sourceTree = "<group>"; };
		9CAC46AF26EE23BA0074F3B2 /* GoogleService-Info.plist */ = {isa = PBXFileReference; lastKnownFileType = text.plist; path = "GoogleService-Info.plist"; sourceTree = SOURCE_ROOT; };
		9CCC794926EF3E0B006D0169 /* Register.swift */ = {isa = PBXFileReference; lastKnownFileType = sourcecode.swift; path = Register.swift; sourceTree = "<group>"; };
		9CCC794B26EF435E006D0169 /* MyPage.swift */ = {isa = PBXFileReference; lastKnownFileType = sourcecode.swift; path = MyPage.swift; sourceTree = "<group>"; };
		9CCC794D26EF4367006D0169 /* Calendar.swift */ = {isa = PBXFileReference; lastKnownFileType = sourcecode.swift; path = Calendar.swift; sourceTree = "<group>"; };
		9CCC795126EF43CB006D0169 /* Plus.swift */ = {isa = PBXFileReference; lastKnownFileType = sourcecode.swift; path = Plus.swift; sourceTree = "<group>"; };
		AC657069338B55FC20924757 /* Pods-treena.debug.xcconfig */ = {isa = PBXFileReference; includeInIndex = 1; lastKnownFileType = text.xcconfig; name = "Pods-treena.debug.xcconfig"; path = "Target Support Files/Pods-treena/Pods-treena.debug.xcconfig"; sourceTree = "<group>"; };
/* End PBXFileReference section */

/* Begin PBXFrameworksBuildPhase section */
		9C99879D26EB6959008C16D7 /* Frameworks */ = {
			isa = PBXFrameworksBuildPhase;
			buildActionMask = 2147483647;
			files = (
				DBA319E0A7BFBB6E2BC688C0 /* Pods_treena.framework in Frameworks */,
			);
			runOnlyForDeploymentPostprocessing = 0;
		};
/* End PBXFrameworksBuildPhase section */

/* Begin PBXGroup section */
		9C99879726EB6959008C16D7 = {
			isa = PBXGroup;
			children = (
				9C7CD3C92701B36700D355BE /* APIResponse.swift */,
				9C9987A226EB6959008C16D7 /* treena */,
				9C9987A126EB6959008C16D7 /* Products */,
				ED1F609C2C41DA1BB80DDB0A /* Pods */,
				C7D9B8C26B01E41ED61C6F25 /* Frameworks */,
			);
			sourceTree = "<group>";
		};
		9C9987A126EB6959008C16D7 /* Products */ = {
			isa = PBXGroup;
			children = (
				9C9987A026EB6959008C16D7 /* treena.app */,
			);
			name = Products;
			sourceTree = "<group>";
		};
		9C9987A226EB6959008C16D7 /* treena */ = {
			isa = PBXGroup;
			children = (
				9C9987A326EB6959008C16D7 /* AppDelegate.swift */,
				9C9987A526EB6959008C16D7 /* SceneDelegate.swift */,
				9C9987A726EB6959008C16D7 /* ViewController.swift */,
				9CCC794B26EF435E006D0169 /* MyPage.swift */,
				9CCC794D26EF4367006D0169 /* Calendar.swift */,
				9C9987A926EB6959008C16D7 /* Main.storyboard */,
				9C7CD3C72701503D00D355BE /* EmotionImage.swift */,
				9C7BBA7E26F8515C005FC1BA /* CalendarDiary.swift */,
				9CCC794926EF3E0B006D0169 /* Register.swift */,
				9CCC795126EF43CB006D0169 /* Plus.swift */,
				9CAC46AF26EE23BA0074F3B2 /* GoogleService-Info.plist */,
				9C9987B726EB6B46008C16D7 /* Login.swift */,
				9C9987AC26EB695B008C16D7 /* Assets.xcassets */,
				9C9987AE26EB695B008C16D7 /* LaunchScreen.storyboard */,
				9C9987B126EB695B008C16D7 /* Info.plist */,
			);
			path = treena;
			sourceTree = "<group>";
		};
		C7D9B8C26B01E41ED61C6F25 /* Frameworks */ = {
			isa = PBXGroup;
			children = (
				3DCF93807984079DF8F1CFC8 /* Pods_treena.framework */,
			);
			name = Frameworks;
			sourceTree = "<group>";
		};
		ED1F609C2C41DA1BB80DDB0A /* Pods */ = {
			isa = PBXGroup;
			children = (
				AC657069338B55FC20924757 /* Pods-treena.debug.xcconfig */,
				91A3392BC68C64637EBDA78F /* Pods-treena.release.xcconfig */,
			);
			path = Pods;
			sourceTree = "<group>";
		};
/* End PBXGroup section */

/* Begin PBXNativeTarget section */
		9C99879F26EB6959008C16D7 /* treena */ = {
			isa = PBXNativeTarget;
			buildConfigurationList = 9C9987B426EB695B008C16D7 /* Build configuration list for PBXNativeTarget "treena" */;
			buildPhases = (
				241AF83C5AD5EB1C420B4C1B /* [CP] Check Pods Manifest.lock */,
				9C99879C26EB6959008C16D7 /* Sources */,
				9C99879D26EB6959008C16D7 /* Frameworks */,
				9C99879E26EB6959008C16D7 /* Resources */,
				B93F420CA234B86E15FCD151 /* [CP] Embed Pods Frameworks */,
			);
			buildRules = (
			);
			dependencies = (
			);
			name = treena;
			productName = treena;
			productReference = 9C9987A026EB6959008C16D7 /* treena.app */;
			productType = "com.apple.product-type.application";
		};
/* End PBXNativeTarget section */

/* Begin PBXProject section */
		9C99879826EB6959008C16D7 /* Project object */ = {
			isa = PBXProject;
			attributes = {
				LastSwiftUpdateCheck = 1250;
				LastUpgradeCheck = 1250;
				TargetAttributes = {
					9C99879F26EB6959008C16D7 = {
						CreatedOnToolsVersion = 12.5;
					};
				};
			};
			buildConfigurationList = 9C99879B26EB6959008C16D7 /* Build configuration list for PBXProject "treena" */;
			compatibilityVersion = "Xcode 9.3";
			developmentRegion = en;
			hasScannedForEncodings = 0;
			knownRegions = (
				en,
				Base,
			);
			mainGroup = 9C99879726EB6959008C16D7;
			productRefGroup = 9C9987A126EB6959008C16D7 /* Products */;
			projectDirPath = "";
			projectRoot = "";
			targets = (
				9C99879F26EB6959008C16D7 /* treena */,
			);
		};
/* End PBXProject section */

/* Begin PBXResourcesBuildPhase section */
		9C99879E26EB6959008C16D7 /* Resources */ = {
			isa = PBXResourcesBuildPhase;
			buildActionMask = 2147483647;
			files = (
				9C9987B026EB695B008C16D7 /* LaunchScreen.storyboard in Resources */,
				9CAC46B026EE23BA0074F3B2 /* GoogleService-Info.plist in Resources */,
				9C9987AD26EB695B008C16D7 /* Assets.xcassets in Resources */,
				9C9987AB26EB695A008C16D7 /* Main.storyboard in Resources */,
			);
			runOnlyForDeploymentPostprocessing = 0;
		};
/* End PBXResourcesBuildPhase section */

/* Begin PBXShellScriptBuildPhase section */
		241AF83C5AD5EB1C420B4C1B /* [CP] Check Pods Manifest.lock */ = {
			isa = PBXShellScriptBuildPhase;
			buildActionMask = 2147483647;
			files = (
			);
			inputFileListPaths = (
			);
			inputPaths = (
				"${PODS_PODFILE_DIR_PATH}/Podfile.lock",
				"${PODS_ROOT}/Manifest.lock",
			);
			name = "[CP] Check Pods Manifest.lock";
			outputFileListPaths = (
			);
			outputPaths = (
				"$(DERIVED_FILE_DIR)/Pods-treena-checkManifestLockResult.txt",
			);
			runOnlyForDeploymentPostprocessing = 0;
			shellPath = /bin/sh;
			shellScript = "diff \"${PODS_PODFILE_DIR_PATH}/Podfile.lock\" \"${PODS_ROOT}/Manifest.lock\" > /dev/null\nif [ $? != 0 ] ; then\n    # print error to STDERR\n    echo \"error: The sandbox is not in sync with the Podfile.lock. Run 'pod install' or update your CocoaPods installation.\" >&2\n    exit 1\nfi\n# This output is used by Xcode 'outputs' to avoid re-running this script phase.\necho \"SUCCESS\" > \"${SCRIPT_OUTPUT_FILE_0}\"\n";
			showEnvVarsInLog = 0;
		};
		B93F420CA234B86E15FCD151 /* [CP] Embed Pods Frameworks */ = {
			isa = PBXShellScriptBuildPhase;
			buildActionMask = 2147483647;
			files = (
			);
			inputFileListPaths = (
				"${PODS_ROOT}/Target Support Files/Pods-treena/Pods-treena-frameworks-${CONFIGURATION}-input-files.xcfilelist",
			);
			name = "[CP] Embed Pods Frameworks";
			outputFileListPaths = (
				"${PODS_ROOT}/Target Support Files/Pods-treena/Pods-treena-frameworks-${CONFIGURATION}-output-files.xcfilelist",
			);
			runOnlyForDeploymentPostprocessing = 0;
			shellPath = /bin/sh;
			shellScript = "\"${PODS_ROOT}/Target Support Files/Pods-treena/Pods-treena-frameworks.sh\"\n";
			showEnvVarsInLog = 0;
		};
/* End PBXShellScriptBuildPhase section */

/* Begin PBXSourcesBuildPhase section */
		9C99879C26EB6959008C16D7 /* Sources */ = {
			isa = PBXSourcesBuildPhase;
			buildActionMask = 2147483647;
			files = (
				9C9987A826EB6959008C16D7 /* ViewController.swift in Sources */,
				9C7CD3C82701503D00D355BE /* EmotionImage.swift in Sources */,
				9CCC795226EF43CB006D0169 /* Plus.swift in Sources */,
				9C7BBA7F26F8515C005FC1BA /* CalendarDiary.swift in Sources */,
				9C9987A426EB6959008C16D7 /* AppDelegate.swift in Sources */,
				9C7CD3CA2701B36700D355BE /* APIResponse.swift in Sources */,
				9CCC794C26EF435F006D0169 /* MyPage.swift in Sources */,
				9C9987A626EB6959008C16D7 /* SceneDelegate.swift in Sources */,
				9C9987B826EB6B46008C16D7 /* Login.swift in Sources */,
				9CCC794A26EF3E0B006D0169 /* Register.swift in Sources */,
				9CCC794E26EF4367006D0169 /* Calendar.swift in Sources */,
			);
			runOnlyForDeploymentPostprocessing = 0;
		};
/* End PBXSourcesBuildPhase section */

/* Begin PBXVariantGroup section */
		9C9987A926EB6959008C16D7 /* Main.storyboard */ = {
			isa = PBXVariantGroup;
			children = (
				9C9987AA26EB6959008C16D7 /* Base */,
			);
			name = Main.storyboard;
			sourceTree = "<group>";
		};
		9C9987AE26EB695B008C16D7 /* LaunchScreen.storyboard */ = {
			isa = PBXVariantGroup;
			children = (
				9C9987AF26EB695B008C16D7 /* Base */,
			);
			name = LaunchScreen.storyboard;
			sourceTree = "<group>";
		};
/* End PBXVariantGroup section */

/* Begin XCBuildConfiguration section */
		9C9987B226EB695B008C16D7 /* Debug */ = {
			isa = XCBuildConfiguration;
			buildSettings = {
				ALWAYS_SEARCH_USER_PATHS = NO;
				CLANG_ANALYZER_NONNULL = YES;
				CLANG_ANALYZER_NUMBER_OBJECT_CONVERSION = YES_AGGRESSIVE;
				CLANG_CXX_LANGUAGE_STANDARD = "gnu++14";
				CLANG_CXX_LIBRARY = "libc++";
				CLANG_ENABLE_MODULES = YES;
				CLANG_ENABLE_OBJC_ARC = YES;
				CLANG_ENABLE_OBJC_WEAK = YES;
				CLANG_WARN_BLOCK_CAPTURE_AUTORELEASING = YES;
				CLANG_WARN_BOOL_CONVERSION = YES;
				CLANG_WARN_COMMA = YES;
				CLANG_WARN_CONSTANT_CONVERSION = YES;
				CLANG_WARN_DEPRECATED_OBJC_IMPLEMENTATIONS = YES;
				CLANG_WARN_DIRECT_OBJC_ISA_USAGE = YES_ERROR;
				CLANG_WARN_DOCUMENTATION_COMMENTS = YES;
				CLANG_WARN_EMPTY_BODY = YES;
				CLANG_WARN_ENUM_CONVERSION = YES;
				CLANG_WARN_INFINITE_RECURSION = YES;
				CLANG_WARN_INT_CONVERSION = YES;
				CLANG_WARN_NON_LITERAL_NULL_CONVERSION = YES;
				CLANG_WARN_OBJC_IMPLICIT_RETAIN_SELF = YES;
				CLANG_WARN_OBJC_LITERAL_CONVERSION = YES;
				CLANG_WARN_OBJC_ROOT_CLASS = YES_ERROR;
				CLANG_WARN_QUOTED_INCLUDE_IN_FRAMEWORK_HEADER = YES;
				CLANG_WARN_RANGE_LOOP_ANALYSIS = YES;
				CLANG_WARN_STRICT_PROTOTYPES = YES;
				CLANG_WARN_SUSPICIOUS_MOVE = YES;
				CLANG_WARN_UNGUARDED_AVAILABILITY = YES_AGGRESSIVE;
				CLANG_WARN_UNREACHABLE_CODE = YES;
				CLANG_WARN__DUPLICATE_METHOD_MATCH = YES;
				COPY_PHASE_STRIP = NO;
				DEBUG_INFORMATION_FORMAT = dwarf;
				ENABLE_STRICT_OBJC_MSGSEND = YES;
				ENABLE_TESTABILITY = YES;
				GCC_C_LANGUAGE_STANDARD = gnu11;
				GCC_DYNAMIC_NO_PIC = NO;
				GCC_NO_COMMON_BLOCKS = YES;
				GCC_OPTIMIZATION_LEVEL = 0;
				GCC_PREPROCESSOR_DEFINITIONS = (
					"DEBUG=1",
					"$(inherited)",
				);
				GCC_WARN_64_TO_32_BIT_CONVERSION = YES;
				GCC_WARN_ABOUT_RETURN_TYPE = YES_ERROR;
				GCC_WARN_UNDECLARED_SELECTOR = YES;
				GCC_WARN_UNINITIALIZED_AUTOS = YES_AGGRESSIVE;
				GCC_WARN_UNUSED_FUNCTION = YES;
				GCC_WARN_UNUSED_VARIABLE = YES;
				IPHONEOS_DEPLOYMENT_TARGET = 14.5;
				MTL_ENABLE_DEBUG_INFO = INCLUDE_SOURCE;
				MTL_FAST_MATH = YES;
				ONLY_ACTIVE_ARCH = YES;
				SDKROOT = iphoneos;
				SWIFT_ACTIVE_COMPILATION_CONDITIONS = DEBUG;
				SWIFT_OPTIMIZATION_LEVEL = "-Onone";
			};
			name = Debug;
		};
		9C9987B326EB695B008C16D7 /* Release */ = {
			isa = XCBuildConfiguration;
			buildSettings = {
				ALWAYS_SEARCH_USER_PATHS = NO;
				CLANG_ANALYZER_NONNULL = YES;
				CLANG_ANALYZER_NUMBER_OBJECT_CONVERSION = YES_AGGRESSIVE;
				CLANG_CXX_LANGUAGE_STANDARD = "gnu++14";
				CLANG_CXX_LIBRARY = "libc++";
				CLANG_ENABLE_MODULES = YES;
				CLANG_ENABLE_OBJC_ARC = YES;
				CLANG_ENABLE_OBJC_WEAK = YES;
				CLANG_WARN_BLOCK_CAPTURE_AUTORELEASING = YES;
				CLANG_WARN_BOOL_CONVERSION = YES;
				CLANG_WARN_COMMA = YES;
				CLANG_WARN_CONSTANT_CONVERSION = YES;
				CLANG_WARN_DEPRECATED_OBJC_IMPLEMENTATIONS = YES;
				CLANG_WARN_DIRECT_OBJC_ISA_USAGE = YES_ERROR;
				CLANG_WARN_DOCUMENTATION_COMMENTS = YES;
				CLANG_WARN_EMPTY_BODY = YES;
				CLANG_WARN_ENUM_CONVERSION = YES;
				CLANG_WARN_INFINITE_RECURSION = YES;
				CLANG_WARN_INT_CONVERSION = YES;
				CLANG_WARN_NON_LITERAL_NULL_CONVERSION = YES;
				CLANG_WARN_OBJC_IMPLICIT_RETAIN_SELF = YES;
				CLANG_WARN_OBJC_LITERAL_CONVERSION = YES;
				CLANG_WARN_OBJC_ROOT_CLASS = YES_ERROR;
				CLANG_WARN_QUOTED_INCLUDE_IN_FRAMEWORK_HEADER = YES;
				CLANG_WARN_RANGE_LOOP_ANALYSIS = YES;
				CLANG_WARN_STRICT_PROTOTYPES = YES;
				CLANG_WARN_SUSPICIOUS_MOVE = YES;
				CLANG_WARN_UNGUARDED_AVAILABILITY = YES_AGGRESSIVE;
				CLANG_WARN_UNREACHABLE_CODE = YES;
				CLANG_WARN__DUPLICATE_METHOD_MATCH = YES;
				COPY_PHASE_STRIP = NO;
				DEBUG_INFORMATION_FORMAT = "dwarf-with-dsym";
				ENABLE_NS_ASSERTIONS = NO;
				ENABLE_STRICT_OBJC_MSGSEND = YES;
				GCC_C_LANGUAGE_STANDARD = gnu11;
				GCC_NO_COMMON_BLOCKS = YES;
				GCC_WARN_64_TO_32_BIT_CONVERSION = YES;
				GCC_WARN_ABOUT_RETURN_TYPE = YES_ERROR;
				GCC_WARN_UNDECLARED_SELECTOR = YES;
				GCC_WARN_UNINITIALIZED_AUTOS = YES_AGGRESSIVE;
				GCC_WARN_UNUSED_FUNCTION = YES;
				GCC_WARN_UNUSED_VARIABLE = YES;
				IPHONEOS_DEPLOYMENT_TARGET = 14.5;
				MTL_ENABLE_DEBUG_INFO = NO;
				MTL_FAST_MATH = YES;
				SDKROOT = iphoneos;
				SWIFT_COMPILATION_MODE = wholemodule;
				SWIFT_OPTIMIZATION_LEVEL = "-O";
				VALIDATE_PRODUCT = YES;
			};
			name = Release;
		};
		9C9987B526EB695B008C16D7 /* Debug */ = {
			isa = XCBuildConfiguration;
			baseConfigurationReference = AC657069338B55FC20924757 /* Pods-treena.debug.xcconfig */;
			buildSettings = {
				ASSETCATALOG_COMPILER_APPICON_NAME = AppIcon;
				ASSETCATALOG_COMPILER_GLOBAL_ACCENT_COLOR_NAME = AccentColor;
				CODE_SIGN_STYLE = Automatic;
				INFOPLIST_FILE = treena/Info.plist;
				LD_RUNPATH_SEARCH_PATHS = (
					"$(inherited)",
					"@executable_path/Frameworks",
				);
				PRODUCT_BUNDLE_IDENTIFIER = net.asong.treena;
				PRODUCT_NAME = "$(TARGET_NAME)";
				SWIFT_VERSION = 5.0;
				TARGETED_DEVICE_FAMILY = "1,2";
			};
			name = Debug;
		};
		9C9987B626EB695B008C16D7 /* Release */ = {
			isa = XCBuildConfiguration;
			baseConfigurationReference = 91A3392BC68C64637EBDA78F /* Pods-treena.release.xcconfig */;
			buildSettings = {
				ASSETCATALOG_COMPILER_APPICON_NAME = AppIcon;
				ASSETCATALOG_COMPILER_GLOBAL_ACCENT_COLOR_NAME = AccentColor;
				CODE_SIGN_STYLE = Automatic;
				INFOPLIST_FILE = treena/Info.plist;
				LD_RUNPATH_SEARCH_PATHS = (
					"$(inherited)",
					"@executable_path/Frameworks",
				);
				PRODUCT_BUNDLE_IDENTIFIER = net.asong.treena;
				PRODUCT_NAME = "$(TARGET_NAME)";
				SWIFT_VERSION = 5.0;
				TARGETED_DEVICE_FAMILY = "1,2";
			};
			name = Release;
		};
/* End XCBuildConfiguration section */

/* Begin XCConfigurationList section */
		9C99879B26EB6959008C16D7 /* Build configuration list for PBXProject "treena" */ = {
			isa = XCConfigurationList;
			buildConfigurations = (
				9C9987B226EB695B008C16D7 /* Debug */,
				9C9987B326EB695B008C16D7 /* Release */,
			);
			defaultConfigurationIsVisible = 0;
			defaultConfigurationName = Release;
		};
		9C9987B426EB695B008C16D7 /* Build configuration list for PBXNativeTarget "treena" */ = {
			isa = XCConfigurationList;
			buildConfigurations = (
				9C9987B526EB695B008C16D7 /* Debug */,
				9C9987B626EB695B008C16D7 /* Release */,
			);
			defaultConfigurationIsVisible = 0;
			defaultConfigurationName = Release;
		};
/* End XCConfigurationList section */
	};
	rootObject = 9C99879826EB6959008C16D7 /* Project object */;
}
